
Microsoft Visual Studio Solution File, Format Version 12.00
# Visual Studio Version 16
VisualStudioVersion = 16.0.30804.86
MinimumVisualStudioVersion = 10.0.40219.1
Project("{FAE04EC0-301F-11D3-BF4B-00C04F79EFBC}") = "AspNetCoreWebApi", "AspNetCoreWebApi\AspNetCoreWebApi.csproj", "{F3B23609-3781-4136-8EDB-291563CD39C2}"
EndProject
Project("{FAE04EC0-301F-11D3-BF4B-00C04F79EFBC}") = "AspNetCoreWebApp", "AspNetCoreWebApp\AspNetCoreWebApp.csproj", "{8C23C92B-E5CA-4338-8AA5-4F2BE83897EB}"
EndProject
Global
	GlobalSection(SolutionConfigurationPlatforms) = preSolution
		Debug|Any CPU = Debug|Any CPU
		Release|Any CPU = Release|Any CPU
	EndGlobalSection
	GlobalSection(ProjectConfigurationPlatforms) = postSolution
		{F3B23609-3781-4136-8EDB-291563CD39C2}.Debug|Any CPU.ActiveCfg = Debug|Any CPU
		{F3B23609-3781-4136-8EDB-291563CD39C2}.Debug|Any CPU.Build.0 = Debug|Any CPU
		{F3B23609-3781-4136-8EDB-291563CD39C2}.Release|Any CPU.ActiveCfg = Release|Any CPU
		{F3B23609-3781-4136-8EDB-291563CD39C2}.Release|Any CPU.Build.0 = Release|Any CPU
		{8C23C92B-E5CA-4338-8AA5-4F2BE83897EB}.Debug|Any CPU.ActiveCfg = Debug|Any CPU
		{8C23C92B-E5CA-4338-8AA5-4F2BE83897EB}.Debug|Any CPU.Build.0 = Debug|Any CPU
		{8C23C92B-E5CA-4338-8AA5-4F2BE83897EB}.Release|Any CPU.ActiveCfg = Release|Any CPU
		{8C23C92B-E5CA-4338-8AA5-4F2BE83897EB}.Release|Any CPU.Build.0 = Release|Any CPU
	EndGlobalSection
	GlobalSection(SolutionProperties) = preSolution
		HideSolutionNode = FALSE
	EndGlobalSection
	GlobalSection(ExtensibilityGlobals) = postSolution
		SolutionGuid = {3BBBFF70-0F54-4999-8512-ECFDB43E7652}
	EndGlobalSection
EndGlobal
